
Microsoft Visual Studio Solution File, Format Version 12.00
# Visual Studio 15
VisualStudioVersion = 15.0.27703.2018
MinimumVisualStudioVersion = 10.0.40219.1
Project("{9A19103F-16F7-4668-BE54-9A1E7A4F7556}") = "Async.Communication", "Async.Communication\Async.Communication.csproj", "{004DC323-0159-4C61-9B3F-570B574A4F46}"
EndProject
Project("{9A19103F-16F7-4668-BE54-9A1E7A4F7556}") = "SignalR.Core", "SignalR.Core\SignalR.Core.csproj", "{4A4A5C59-87B8-4B39-A58B-74DF89A58C32}"
EndProject
Project("{9A19103F-16F7-4668-BE54-9A1E7A4F7556}") = "Async.Messages", "Async.Messages\Async.Messages.csproj", "{3B888682-5580-42F9-B72F-EF9AE573269E}"
EndProject
Project("{FAE04EC0-301F-11D3-BF4B-00C04F79EFBC}") = "Consumer", "Consumer\Consumer.csproj", "{DE23950C-11C8-4B2D-B61E-C6DE6F0AE0E9}"
EndProject
Project("{FAE04EC0-301F-11D3-BF4B-00C04F79EFBC}") = "Producer", "Producer\Producer.csproj", "{5561B44C-D4BF-439A-AFC6-A013B0AAAA4B}"
EndProject
Project("{FAE04EC0-301F-11D3-BF4B-00C04F79EFBC}") = "SignalR.Service", "SignalR.Service\SignalR.Service.csproj", "{404840E7-356C-415B-8F84-065266C5442E}"
EndProject
Project("{FAE04EC0-301F-11D3-BF4B-00C04F79EFBC}") = "SignalR.Client", "SignalR.Client\SignalR.Client.csproj", "{CCE6934B-27D2-47A9-8E7D-57E845B0284C}"
EndProject
Global
	GlobalSection(SolutionConfigurationPlatforms) = preSolution
		Debug|Any CPU = Debug|Any CPU
		Release|Any CPU = Release|Any CPU
	EndGlobalSection
	GlobalSection(ProjectConfigurationPlatforms) = postSolution
		{004DC323-0159-4C61-9B3F-570B574A4F46}.Debug|Any CPU.ActiveCfg = Debug|Any CPU
		{004DC323-0159-4C61-9B3F-570B574A4F46}.Debug|Any CPU.Build.0 = Debug|Any CPU
		{004DC323-0159-4C61-9B3F-570B574A4F46}.Release|Any CPU.ActiveCfg = Release|Any CPU
		{004DC323-0159-4C61-9B3F-570B574A4F46}.Release|Any CPU.Build.0 = Release|Any CPU
		{4A4A5C59-87B8-4B39-A58B-74DF89A58C32}.Debug|Any CPU.ActiveCfg = Debug|Any CPU
		{4A4A5C59-87B8-4B39-A58B-74DF89A58C32}.Debug|Any CPU.Build.0 = Debug|Any CPU
		{4A4A5C59-87B8-4B39-A58B-74DF89A58C32}.Release|Any CPU.ActiveCfg = Release|Any CPU
		{4A4A5C59-87B8-4B39-A58B-74DF89A58C32}.Release|Any CPU.Build.0 = Release|Any CPU
		{3B888682-5580-42F9-B72F-EF9AE573269E}.Debug|Any CPU.ActiveCfg = Debug|Any CPU
		{3B888682-5580-42F9-B72F-EF9AE573269E}.Debug|Any CPU.Build.0 = Debug|Any CPU
		{3B888682-5580-42F9-B72F-EF9AE573269E}.Release|Any CPU.ActiveCfg = Release|Any CPU
		{3B888682-5580-42F9-B72F-EF9AE573269E}.Release|Any CPU.Build.0 = Release|Any CPU
		{DE23950C-11C8-4B2D-B61E-C6DE6F0AE0E9}.Debug|Any CPU.ActiveCfg = Debug|Any CPU
		{DE23950C-11C8-4B2D-B61E-C6DE6F0AE0E9}.Debug|Any CPU.Build.0 = Debug|Any CPU
		{DE23950C-11C8-4B2D-B61E-C6DE6F0AE0E9}.Release|Any CPU.ActiveCfg = Release|Any CPU
		{DE23950C-11C8-4B2D-B61E-C6DE6F0AE0E9}.Release|Any CPU.Build.0 = Release|Any CPU
		{5561B44C-D4BF-439A-AFC6-A013B0AAAA4B}.Debug|Any CPU.ActiveCfg = Debug|Any CPU
		{5561B44C-D4BF-439A-AFC6-A013B0AAAA4B}.Debug|Any CPU.Build.0 = Debug|Any CPU
		{5561B44C-D4BF-439A-AFC6-A013B0AAAA4B}.Release|Any CPU.ActiveCfg = Release|Any CPU
		{5561B44C-D4BF-439A-AFC6-A013B0AAAA4B}.Release|Any CPU.Build.0 = Release|Any CPU
		{404840E7-356C-415B-8F84-065266C5442E}.Debug|Any CPU.ActiveCfg = Debug|Any CPU
		{404840E7-356C-415B-8F84-065266C5442E}.Debug|Any CPU.Build.0 = Debug|Any CPU
		{404840E7-356C-415B-8F84-065266C5442E}.Release|Any CPU.ActiveCfg = Release|Any CPU
		{404840E7-356C-415B-8F84-065266C5442E}.Release|Any CPU.Build.0 = Release|Any CPU
		{CCE6934B-27D2-47A9-8E7D-57E845B0284C}.Debug|Any CPU.ActiveCfg = Debug|Any CPU
		{CCE6934B-27D2-47A9-8E7D-57E845B0284C}.Debug|Any CPU.Build.0 = Debug|Any CPU
		{CCE6934B-27D2-47A9-8E7D-57E845B0284C}.Release|Any CPU.ActiveCfg = Release|Any CPU
		{CCE6934B-27D2-47A9-8E7D-57E845B0284C}.Release|Any CPU.Build.0 = Release|Any CPU
	EndGlobalSection
	GlobalSection(SolutionProperties) = preSolution
		HideSolutionNode = FALSE
	EndGlobalSection
	GlobalSection(ExtensibilityGlobals) = postSolution
		SolutionGuid = {810DFE72-FB04-4D3E-958F-9042FD6FDF69}
	EndGlobalSection
EndGlobal
