
Microsoft Visual Studio Solution File, Format Version 12.00
# Visual Studio 15
VisualStudioVersion = 15.0.28307.1231
MinimumVisualStudioVersion = 10.0.40219.1
Project("{FAE04EC0-301F-11D3-BF4B-00C04F79EFBC}") = "SecureStore", "SecureStore\SecureStore.csproj", "{2517B044-A528-40FA-BFD0-0DAD65FD1FFE}"
EndProject
Global
	GlobalSection(SolutionConfigurationPlatforms) = preSolution
		Debug|Any CPU = Debug|Any CPU
		Release|Any CPU = Release|Any CPU
	EndGlobalSection
	GlobalSection(ProjectConfigurationPlatforms) = postSolution
		{2517B044-A528-40FA-BFD0-0DAD65FD1FFE}.Debug|Any CPU.ActiveCfg = Debug|Any CPU
		{2517B044-A528-40FA-BFD0-0DAD65FD1FFE}.Debug|Any CPU.Build.0 = Debug|Any CPU
		{2517B044-A528-40FA-BFD0-0DAD65FD1FFE}.Release|Any CPU.ActiveCfg = Release|Any CPU
		{2517B044-A528-40FA-BFD0-0DAD65FD1FFE}.Release|Any CPU.Build.0 = Release|Any CPU
	EndGlobalSection
	GlobalSection(SolutionProperties) = preSolution
		HideSolutionNode = FALSE
	EndGlobalSection
	GlobalSection(ExtensibilityGlobals) = postSolution
		SolutionGuid = {4C69A65A-CF9C-4C49-A97B-67E5F971B494}
	EndGlobalSection
EndGlobal
